
Microsoft Visual Studio Solution File, Format Version 12.00
# Visual Studio Version 16
VisualStudioVersion = 16.0.31112.23
MinimumVisualStudioVersion = 10.0.40219.1
Project("{9A19103F-16F7-4668-BE54-9A1E7A4F7556}") = "DataAccess", "DataAccess\DataAccess.csproj", "{B2BFE6A3-AA37-4622-8D77-C3160F3AD147}"
EndProject
Project("{9A19103F-16F7-4668-BE54-9A1E7A4F7556}") = "Business", "Business\Business.csproj", "{734D8A5F-79B7-4181-A5A8-736EFCF5CAA2}"
EndProject
Project("{9A19103F-16F7-4668-BE54-9A1E7A4F7556}") = "Entities", "Entities\Entities.csproj", "{C4B49EB6-BE2E-485E-86A0-7B5235CDAF31}"
EndProject
Project("{9A19103F-16F7-4668-BE54-9A1E7A4F7556}") = "ConsoleUI", "ConsoleUI\ConsoleUI.csproj", "{18DCB40B-628D-4555-ADA5-CB18AD353256}"
EndProject
Project("{9A19103F-16F7-4668-BE54-9A1E7A4F7556}") = "Core", "Core\Core.csproj", "{5CCB2E0C-AF6E-40B6-B12D-7BB0340E5D87}"
EndProject
Project("{FAE04EC0-301F-11D3-BF4B-00C04F79EFBC}") = "WebAPI", "WebAPI\WebAPI.csproj", "{A09CB933-2DC8-4402-8522-3E96703DF670}"
EndProject
Global
	GlobalSection(SolutionConfigurationPlatforms) = preSolution
		Debug|Any CPU = Debug|Any CPU
		Release|Any CPU = Release|Any CPU
	EndGlobalSection
	GlobalSection(ProjectConfigurationPlatforms) = postSolution
		{B2BFE6A3-AA37-4622-8D77-C3160F3AD147}.Debug|Any CPU.ActiveCfg = Debug|Any CPU
		{B2BFE6A3-AA37-4622-8D77-C3160F3AD147}.Debug|Any CPU.Build.0 = Debug|Any CPU
		{B2BFE6A3-AA37-4622-8D77-C3160F3AD147}.Release|Any CPU.ActiveCfg = Release|Any CPU
		{B2BFE6A3-AA37-4622-8D77-C3160F3AD147}.Release|Any CPU.Build.0 = Release|Any CPU
		{734D8A5F-79B7-4181-A5A8-736EFCF5CAA2}.Debug|Any CPU.ActiveCfg = Debug|Any CPU
		{734D8A5F-79B7-4181-A5A8-736EFCF5CAA2}.Debug|Any CPU.Build.0 = Debug|Any CPU
		{734D8A5F-79B7-4181-A5A8-736EFCF5CAA2}.Release|Any CPU.ActiveCfg = Release|Any CPU
		{734D8A5F-79B7-4181-A5A8-736EFCF5CAA2}.Release|Any CPU.Build.0 = Release|Any CPU
		{C4B49EB6-BE2E-485E-86A0-7B5235CDAF31}.Debug|Any CPU.ActiveCfg = Debug|Any CPU
		{C4B49EB6-BE2E-485E-86A0-7B5235CDAF31}.Debug|Any CPU.Build.0 = Debug|Any CPU
		{C4B49EB6-BE2E-485E-86A0-7B5235CDAF31}.Release|Any CPU.ActiveCfg = Release|Any CPU
		{C4B49EB6-BE2E-485E-86A0-7B5235CDAF31}.Release|Any CPU.Build.0 = Release|Any CPU
		{18DCB40B-628D-4555-ADA5-CB18AD353256}.Debug|Any CPU.ActiveCfg = Debug|Any CPU
		{18DCB40B-628D-4555-ADA5-CB18AD353256}.Debug|Any CPU.Build.0 = Debug|Any CPU
		{18DCB40B-628D-4555-ADA5-CB18AD353256}.Release|Any CPU.ActiveCfg = Release|Any CPU
		{18DCB40B-628D-4555-ADA5-CB18AD353256}.Release|Any CPU.Build.0 = Release|Any CPU
		{5CCB2E0C-AF6E-40B6-B12D-7BB0340E5D87}.Debug|Any CPU.ActiveCfg = Debug|Any CPU
		{5CCB2E0C-AF6E-40B6-B12D-7BB0340E5D87}.Debug|Any CPU.Build.0 = Debug|Any CPU
		{5CCB2E0C-AF6E-40B6-B12D-7BB0340E5D87}.Release|Any CPU.ActiveCfg = Release|Any CPU
		{5CCB2E0C-AF6E-40B6-B12D-7BB0340E5D87}.Release|Any CPU.Build.0 = Release|Any CPU
		{A09CB933-2DC8-4402-8522-3E96703DF670}.Debug|Any CPU.ActiveCfg = Debug|Any CPU
		{A09CB933-2DC8-4402-8522-3E96703DF670}.Debug|Any CPU.Build.0 = Debug|Any CPU
		{A09CB933-2DC8-4402-8522-3E96703DF670}.Release|Any CPU.ActiveCfg = Release|Any CPU
		{A09CB933-2DC8-4402-8522-3E96703DF670}.Release|Any CPU.Build.0 = Release|Any CPU
	EndGlobalSection
	GlobalSection(SolutionProperties) = preSolution
		HideSolutionNode = FALSE
	EndGlobalSection
	GlobalSection(ExtensibilityGlobals) = postSolution
		SolutionGuid = {C800AC60-F6DB-4027-8EB3-BC9F2073379E}
	EndGlobalSection
EndGlobal
